
Microsoft Visual Studio Solution File, Format Version 12.00
# Visual Studio Version 16
VisualStudioVersion = 16.0.30225.117
MinimumVisualStudioVersion = 10.0.40219.1
Project("{FAE04EC0-301F-11D3-BF4B-00C04F79EFBC}") = "YOLOv4MLNet", "YOLOv4MLNet\YOLOv4MLNet.csproj", "{EB62C663-D170-407F-91B0-9650159ED1B2}"
EndProject
Global
	GlobalSection(SolutionConfigurationPlatforms) = preSolution
		Debug|Any CPU = Debug|Any CPU
		Release|Any CPU = Release|Any CPU
	EndGlobalSection
	GlobalSection(ProjectConfigurationPlatforms) = postSolution
		{EB62C663-D170-407F-91B0-9650159ED1B2}.Debug|Any CPU.ActiveCfg = Debug|Any CPU
		{EB62C663-D170-407F-91B0-9650159ED1B2}.Debug|Any CPU.Build.0 = Debug|Any CPU
		{EB62C663-D170-407F-91B0-9650159ED1B2}.Release|Any CPU.ActiveCfg = Release|Any CPU
		{EB62C663-D170-407F-91B0-9650159ED1B2}.Release|Any CPU.Build.0 = Release|Any CPU
	EndGlobalSection
	GlobalSection(SolutionProperties) = preSolution
		HideSolutionNode = FALSE
	EndGlobalSection
	GlobalSection(ExtensibilityGlobals) = postSolution
		SolutionGuid = {BBBC2C99-A95D-4F1B-9AA0-6D95737E2B5C}
	EndGlobalSection
EndGlobal
